
Microsoft Visual Studio Solution File, Format Version 12.00
# Visual Studio Version 17
VisualStudioVersion = 17.8.34322.80
MinimumVisualStudioVersion = 10.0.40219.1
Project("{FAE04EC0-301F-11D3-BF4B-00C04F79EFBC}") = "DeveloperExercise", "DeveloperExercise.csproj", "{84CE6ACE-6263-4E18-9325-4767F62A398A}"
EndProject
Global
	GlobalSection(SolutionConfigurationPlatforms) = preSolution
		Debug|Any CPU = Debug|Any CPU
		Release|Any CPU = Release|Any CPU
	EndGlobalSection
	GlobalSection(ProjectConfigurationPlatforms) = postSolution
		{84CE6ACE-6263-4E18-9325-4767F62A398A}.Debug|Any CPU.ActiveCfg = Debug|Any CPU
		{84CE6ACE-6263-4E18-9325-4767F62A398A}.Debug|Any CPU.Build.0 = Debug|Any CPU
		{84CE6ACE-6263-4E18-9325-4767F62A398A}.Release|Any CPU.ActiveCfg = Release|Any CPU
		{84CE6ACE-6263-4E18-9325-4767F62A398A}.Release|Any CPU.Build.0 = Release|Any CPU
	EndGlobalSection
	GlobalSection(SolutionProperties) = preSolution
		HideSolutionNode = FALSE
	EndGlobalSection
	GlobalSection(ExtensibilityGlobals) = postSolution
		SolutionGuid = {C1924656-1031-48A6-80D3-7EA4DC49AF03}
	EndGlobalSection
EndGlobal
